
Microsoft Visual Studio Solution File, Format Version 12.00
# Visual Studio Version 17
VisualStudioVersion = 17.4.33110.190
MinimumVisualStudioVersion = 10.0.40219.1
Project("{2150E333-8FDC-42A3-9474-1A3956D46DE8}") = "src", "src", "{2BDB80B1-8B10-43B4-8A06-33866A2E77FA}"
EndProject
Project("{2150E333-8FDC-42A3-9474-1A3956D46DE8}") = "test", "test", "{AB1DE9A5-7EE4-44F3-B901-262F12235A8D}"
EndProject
Project("{2150E333-8FDC-42A3-9474-1A3956D46DE8}") = "API", "API", "{A98B2B63-E698-4918-94B5-CDA47BDA4332}"
EndProject
Project("{2150E333-8FDC-42A3-9474-1A3956D46DE8}") = "Core", "Core", "{D4C2D3EA-7633-494C-8427-C08413BF4044}"
EndProject
Project("{2150E333-8FDC-42A3-9474-1A3956D46DE8}") = "Infrastructure", "Infrastructure", "{8F11A402-BD9A-437C-9B9E-D7C422834AF8}"
EndProject
Project("{9A19103F-16F7-4668-BE54-9A1E7A4F7556}") = "Vertroue.HMS.API.Domain", "Vertroue.HMS.API.Domain\Vertroue.HMS.API.Domain.csproj", "{886F3AAF-28FA-43A8-9321-6904912E9843}"
EndProject
Project("{9A19103F-16F7-4668-BE54-9A1E7A4F7556}") = "Vertroue.HMS.API.Application", "Vertroue.HMS.API.Application\Vertroue.HMS.API.Application.csproj", "{F2331102-83F9-4126-AB83-E13F1867D18D}"
EndProject
Project("{9A19103F-16F7-4668-BE54-9A1E7A4F7556}") = "Vertroue.HMS.API.Infrastructure", "Vertroue.HMS.API.Infrastructure\Vertroue.HMS.API.Infrastructure.csproj", "{0D1EFC6F-5CB4-47D2-ACFC-C6D07DE422EE}"
EndProject
Project("{9A19103F-16F7-4668-BE54-9A1E7A4F7556}") = "Vertroue.HMS.API.Persistence", "Vertroue.HMS.API.Persistence\Vertroue.HMS.API.Persistence.csproj", "{A3DCEB82-B38F-44AF-B0DD-868FCAAEA14E}"
EndProject
Project("{9A19103F-16F7-4668-BE54-9A1E7A4F7556}") = "Vertroue.HMS.API.API", "Vertroue.HMS.API.API\Vertroue.HMS.API.API.csproj", "{09DAA667-7625-4C36-BBAD-0E2E01D84C06}"
EndProject
Project("{9A19103F-16F7-4668-BE54-9A1E7A4F7556}") = "Vertroue.HMS.API.API.IntegrationTests", "Vertroue.HMS.API.API.IntegrationTests\Vertroue.HMS.API.API.IntegrationTests.csproj", "{51E4041C-8B9E-4284-BBFB-60C2B00B3728}"
EndProject
Project("{9A19103F-16F7-4668-BE54-9A1E7A4F7556}") = "Vertroue.HMS.API.Application.UnitTests", "Vertroue.HMS.API.Application.UnitTests\Vertroue.HMS.API.Application.UnitTests.csproj", "{2AF6CF34-01C8-4A00-8802-BABC59984AA4}"
EndProject
Project("{9A19103F-16F7-4668-BE54-9A1E7A4F7556}") = "Vertroue.HMS.API.Persistence.IntegrationTests", "Vertroue.HMS.API.Persistence.IntegrationTests\Vertroue.HMS.API.Persistence.IntegrationTests.csproj", "{399ED739-B8AB-431C-930E-582956B93222}"
EndProject
Project("{151D2E53-A2C4-4D7D-83FE-D05416EBD58E}") = "Vertroue.HMS.API.Deployment", "Vertroue.HMS.API.Deployment\Vertroue.HMS.API.Deployment.deployproj", "{487D0879-D2C1-48EB-8505-AF2520DE228B}"
EndProject
Project("{2150E333-8FDC-42A3-9474-1A3956D46DE8}") = "deployment", "deployment", "{C7E5E79E-3572-4F91-88B6-8B8BFC4D7720}"
EndProject
Global
	GlobalSection(SolutionConfigurationPlatforms) = preSolution
		Debug|Any CPU = Debug|Any CPU
		Release|Any CPU = Release|Any CPU
	EndGlobalSection
	GlobalSection(ProjectConfigurationPlatforms) = postSolution
		{886F3AAF-28FA-43A8-9321-6904912E9843}.Debug|Any CPU.ActiveCfg = Debug|Any CPU
		{886F3AAF-28FA-43A8-9321-6904912E9843}.Debug|Any CPU.Build.0 = Debug|Any CPU
		{886F3AAF-28FA-43A8-9321-6904912E9843}.Release|Any CPU.ActiveCfg = Release|Any CPU
		{886F3AAF-28FA-43A8-9321-6904912E9843}.Release|Any CPU.Build.0 = Release|Any CPU
		{F2331102-83F9-4126-AB83-E13F1867D18D}.Debug|Any CPU.ActiveCfg = Debug|Any CPU
		{F2331102-83F9-4126-AB83-E13F1867D18D}.Debug|Any CPU.Build.0 = Debug|Any CPU
		{F2331102-83F9-4126-AB83-E13F1867D18D}.Release|Any CPU.ActiveCfg = Release|Any CPU
		{F2331102-83F9-4126-AB83-E13F1867D18D}.Release|Any CPU.Build.0 = Release|Any CPU
		{0D1EFC6F-5CB4-47D2-ACFC-C6D07DE422EE}.Debug|Any CPU.ActiveCfg = Debug|Any CPU
		{0D1EFC6F-5CB4-47D2-ACFC-C6D07DE422EE}.Debug|Any CPU.Build.0 = Debug|Any CPU
		{0D1EFC6F-5CB4-47D2-ACFC-C6D07DE422EE}.Release|Any CPU.ActiveCfg = Release|Any CPU
		{0D1EFC6F-5CB4-47D2-ACFC-C6D07DE422EE}.Release|Any CPU.Build.0 = Release|Any CPU
		{A3DCEB82-B38F-44AF-B0DD-868FCAAEA14E}.Debug|Any CPU.ActiveCfg = Debug|Any CPU
		{A3DCEB82-B38F-44AF-B0DD-868FCAAEA14E}.Debug|Any CPU.Build.0 = Debug|Any CPU
		{A3DCEB82-B38F-44AF-B0DD-868FCAAEA14E}.Release|Any CPU.ActiveCfg = Release|Any CPU
		{A3DCEB82-B38F-44AF-B0DD-868FCAAEA14E}.Release|Any CPU.Build.0 = Release|Any CPU
		{09DAA667-7625-4C36-BBAD-0E2E01D84C06}.Debug|Any CPU.ActiveCfg = Debug|Any CPU
		{09DAA667-7625-4C36-BBAD-0E2E01D84C06}.Debug|Any CPU.Build.0 = Debug|Any CPU
		{09DAA667-7625-4C36-BBAD-0E2E01D84C06}.Release|Any CPU.ActiveCfg = Release|Any CPU
		{09DAA667-7625-4C36-BBAD-0E2E01D84C06}.Release|Any CPU.Build.0 = Release|Any CPU
		{51E4041C-8B9E-4284-BBFB-60C2B00B3728}.Debug|Any CPU.ActiveCfg = Debug|Any CPU
		{51E4041C-8B9E-4284-BBFB-60C2B00B3728}.Debug|Any CPU.Build.0 = Debug|Any CPU
		{51E4041C-8B9E-4284-BBFB-60C2B00B3728}.Release|Any CPU.ActiveCfg = Release|Any CPU
		{51E4041C-8B9E-4284-BBFB-60C2B00B3728}.Release|Any CPU.Build.0 = Release|Any CPU
		{2AF6CF34-01C8-4A00-8802-BABC59984AA4}.Debug|Any CPU.ActiveCfg = Debug|Any CPU
		{2AF6CF34-01C8-4A00-8802-BABC59984AA4}.Debug|Any CPU.Build.0 = Debug|Any CPU
		{2AF6CF34-01C8-4A00-8802-BABC59984AA4}.Release|Any CPU.ActiveCfg = Release|Any CPU
		{2AF6CF34-01C8-4A00-8802-BABC59984AA4}.Release|Any CPU.Build.0 = Release|Any CPU
		{399ED739-B8AB-431C-930E-582956B93222}.Debug|Any CPU.ActiveCfg = Debug|Any CPU
		{399ED739-B8AB-431C-930E-582956B93222}.Debug|Any CPU.Build.0 = Debug|Any CPU
		{399ED739-B8AB-431C-930E-582956B93222}.Release|Any CPU.ActiveCfg = Release|Any CPU
		{399ED739-B8AB-431C-930E-582956B93222}.Release|Any CPU.Build.0 = Release|Any CPU
		{487D0879-D2C1-48EB-8505-AF2520DE228B}.Debug|Any CPU.ActiveCfg = Debug|Any CPU
		{487D0879-D2C1-48EB-8505-AF2520DE228B}.Debug|Any CPU.Build.0 = Debug|Any CPU
		{487D0879-D2C1-48EB-8505-AF2520DE228B}.Release|Any CPU.ActiveCfg = Release|Any CPU
		{487D0879-D2C1-48EB-8505-AF2520DE228B}.Release|Any CPU.Build.0 = Release|Any CPU
	EndGlobalSection
	GlobalSection(SolutionProperties) = preSolution
		HideSolutionNode = FALSE
	EndGlobalSection
	GlobalSection(NestedProjects) = preSolution
		{A98B2B63-E698-4918-94B5-CDA47BDA4332} = {2BDB80B1-8B10-43B4-8A06-33866A2E77FA}
		{D4C2D3EA-7633-494C-8427-C08413BF4044} = {2BDB80B1-8B10-43B4-8A06-33866A2E77FA}
		{8F11A402-BD9A-437C-9B9E-D7C422834AF8} = {2BDB80B1-8B10-43B4-8A06-33866A2E77FA}
		{886F3AAF-28FA-43A8-9321-6904912E9843} = {D4C2D3EA-7633-494C-8427-C08413BF4044}
		{F2331102-83F9-4126-AB83-E13F1867D18D} = {D4C2D3EA-7633-494C-8427-C08413BF4044}
		{0D1EFC6F-5CB4-47D2-ACFC-C6D07DE422EE} = {8F11A402-BD9A-437C-9B9E-D7C422834AF8}
		{A3DCEB82-B38F-44AF-B0DD-868FCAAEA14E} = {8F11A402-BD9A-437C-9B9E-D7C422834AF8}
		{09DAA667-7625-4C36-BBAD-0E2E01D84C06} = {A98B2B63-E698-4918-94B5-CDA47BDA4332}
		{51E4041C-8B9E-4284-BBFB-60C2B00B3728} = {AB1DE9A5-7EE4-44F3-B901-262F12235A8D}
		{2AF6CF34-01C8-4A00-8802-BABC59984AA4} = {AB1DE9A5-7EE4-44F3-B901-262F12235A8D}
		{399ED739-B8AB-431C-930E-582956B93222} = {AB1DE9A5-7EE4-44F3-B901-262F12235A8D}
		{487D0879-D2C1-48EB-8505-AF2520DE228B} = {C7E5E79E-3572-4F91-88B6-8B8BFC4D7720}
	EndGlobalSection
	GlobalSection(ExtensibilityGlobals) = postSolution
		SolutionGuid = {342D4494-C34B-4374-B4C0-63517465BC78}
	EndGlobalSection
EndGlobal
